version = 1
revision = 2
requires-python = ">=3.10, <3.13"

[[package]]
name = "absl-py"
version = "2.3.1"
source = { registry = "https://pypi.org/simple" }
sdist = { url = "https://files.pythonhosted.org/packages/10/2a/c93173ffa1b39c1d0395b7e842bbdc62e556ca9d8d3b5572926f3e4ca752/absl_py-2.3.1.tar.gz", hash = "sha256:a97820526f7fbfd2ec1bce83f3f25e3a14840dac0d8e02a0b71cd75db3f77fc9", size = 116588, upload_time = "2025-07-03T09:31:44.05Z" }
wheels = [
    { url = "https://files.pythonhosted.org/packages/8f/aa/ba0014cc4659328dc818a28827be78e6d97312ab0cb98105a770924dc11e/absl_py-2.3.1-py3-none-any.whl", hash = "sha256:eeecf07f0c2a93ace0772c92e596ace6d3d3996c042b2128459aaae2a76de11d", size = 135811, upload_time = "2025-07-03T09:31:42.253Z" },
]

[[package]]
name = "basedpyright"
version = "1.31.4"
source = { registry = "https://pypi.org/simple" }
dependencies = [
    { name = "nodejs-wheel-binaries" },
]
sdist = { url = "https://files.pythonhosted.org/packages/0b/53/570b03ec0445a9b2cc69788482c1d12902a9b88a9b159e449c4c537c4e3a/basedpyright-1.31.4.tar.gz", hash = "sha256:2450deb16530f7c88c1a7da04530a079f9b0b18ae1c71cb6f812825b3b82d0b1", size = 22494467, upload_time = "2025-09-03T13:05:55.817Z" }
wheels = [
    { url = "https://files.pythonhosted.org/packages/e5/40/d1047a5addcade9291685d06ef42a63c1347517018bafd82747af9da0294/basedpyright-1.31.4-py3-none-any.whl", hash = "sha256:055e4a38024bd653be12d6216c1cfdbee49a1096d342b4d5f5b4560f7714b6fc", size = 11731440, upload_time = "2025-09-03T13:05:52.308Z" },
]

[[package]]
name = "bazel-runfiles"
version = "1.6.3"
source = { registry = "https://pypi.org/simple" }
wheels = [
    { url = "https://files.pythonhosted.org/packages/84/2e/2c97ed903a630bc96d03552c930bca949139df35dad5c09367a1f6d713f1/bazel_runfiles-1.6.3-py3-none-any.whl", hash = "sha256:76a6c2d1e9cc2b8fc9ae657901aff0dbf4da46ee1eeab67cce8fd907e3196857", size = 7882, upload_time = "2025-09-21T13:25:32.23Z" },
]

[[package]]
name = "cryptography-manager"
version = "0.1.0"
source = { editable = "." }
dependencies = [
    { name = "tink" },
]

[package.dev-dependencies]
dev = [
    { name = "basedpyright" },
    { name = "ruff" },
]
docs = [
    { name = "pdoc" },
]

[package.metadata]
requires-dist = [{ name = "tink", specifier = ">=1.12.0" }]

[package.metadata.requires-dev]
dev = [
    { name = "basedpyright", specifier = ">=1.31.4" },
    { name = "ruff", specifier = ">=0.13.1" },
]
docs = [{ name = "pdoc", specifier = ">=15.0.4" }]

[[package]]
name = "jinja2"
version = "3.1.6"
source = { registry = "https://pypi.org/simple" }
dependencies = [
    { name = "markupsafe" },
]
sdist = { url = "https://files.pythonhosted.org/packages/df/bf/f7da0350254c0ed7c72f3e33cef02e048281fec7ecec5f032d4aac52226b/jinja2-3.1.6.tar.gz", hash = "sha256:0137fb05990d35f1275a587e9aee6d56da821fc83491a0fb838183be43f66d6d", size = 245115, upload_time = "2025-03-05T20:05:02.478Z" }
wheels = [
    { url = "https://files.pythonhosted.org/packages/62/a1/3d680cbfd5f4b8f15abc1d571870c5fc3e594bb582bc3b64ea099db13e56/jinja2-3.1.6-py3-none-any.whl", hash = "sha256:85ece4451f492d0c13c5dd7c13a64681a86afae63a5f347908daf103ce6d2f67", size = 134899, upload_time = "2025-03-05T20:05:00.369Z" },
]

[[package]]
name = "markupsafe"
version = "3.0.2"
source = { registry = "https://pypi.org/simple" }
sdist = { url = "https://files.pythonhosted.org/packages/b2/97/5d42485e71dfc078108a86d6de8fa46db44a1a9295e89c5d6d4a06e23a62/markupsafe-3.0.2.tar.gz", hash = "sha256:ee55d3edf80167e48ea11a923c7386f4669df67d7994554387f84e7d8b0a2bf0", size = 20537, upload_time = "2024-10-18T15:21:54.129Z" }
wheels = [
    { url = "https://files.pythonhosted.org/packages/04/90/d08277ce111dd22f77149fd1a5d4653eeb3b3eaacbdfcbae5afb2600eebd/MarkupSafe-3.0.2-cp310-cp310-macosx_10_9_universal2.whl", hash = "sha256:7e94c425039cde14257288fd61dcfb01963e658efbc0ff54f5306b06054700f8", size = 14357, upload_time = "2024-10-18T15:20:51.44Z" },
    { url = "https://files.pythonhosted.org/packages/04/e1/6e2194baeae0bca1fae6629dc0cbbb968d4d941469cbab11a3872edff374/MarkupSafe-3.0.2-cp310-cp310-macosx_11_0_arm64.whl", hash = "sha256:9e2d922824181480953426608b81967de705c3cef4d1af983af849d7bd619158", size = 12393, upload_time = "2024-10-18T15:20:52.426Z" },
    { url = "https://files.pythonhosted.org/packages/1d/69/35fa85a8ece0a437493dc61ce0bb6d459dcba482c34197e3efc829aa357f/MarkupSafe-3.0.2-cp310-cp310-manylinux_2_17_aarch64.manylinux2014_aarch64.whl", hash = "sha256:38a9ef736c01fccdd6600705b09dc574584b89bea478200c5fbf112a6b0d5579", size = 21732, upload_time = "2024-10-18T15:20:53.578Z" },
    { url = "https://files.pythonhosted.org/packages/22/35/137da042dfb4720b638d2937c38a9c2df83fe32d20e8c8f3185dbfef05f7/MarkupSafe-3.0.2-cp310-cp310-manylinux_2_17_x86_64.manylinux2014_x86_64.whl", hash = "sha256:bbcb445fa71794da8f178f0f6d66789a28d7319071af7a496d4d507ed566270d", size = 20866, upload_time = "2024-10-18T15:20:55.06Z" },
    { url = "https://files.pythonhosted.org/packages/29/28/6d029a903727a1b62edb51863232152fd335d602def598dade38996887f0/MarkupSafe-3.0.2-cp310-cp310-manylinux_2_5_i686.manylinux1_i686.manylinux_2_17_i686.manylinux2014_i686.whl", hash = "sha256:57cb5a3cf367aeb1d316576250f65edec5bb3be939e9247ae594b4bcbc317dfb", size = 20964, upload_time = "2024-10-18T15:20:55.906Z" },
    { url = "https://files.pythonhosted.org/packages/cc/cd/07438f95f83e8bc028279909d9c9bd39e24149b0d60053a97b2bc4f8aa51/MarkupSafe-3.0.2-cp310-cp310-musllinux_1_2_aarch64.whl", hash = "sha256:3809ede931876f5b2ec92eef964286840ed3540dadf803dd570c3b7e13141a3b", size = 21977, upload_time = "2024-10-18T15:20:57.189Z" },
    { url = "https://files.pythonhosted.org/packages/29/01/84b57395b4cc062f9c4c55ce0df7d3108ca32397299d9df00fedd9117d3d/MarkupSafe-3.0.2-cp310-cp310-musllinux_1_2_i686.whl", hash = "sha256:e07c3764494e3776c602c1e78e298937c3315ccc9043ead7e685b7f2b8d47b3c", size = 21366, upload_time = "2024-10-18T15:20:58.235Z" },
    { url = "https://files.pythonhosted.org/packages/bd/6e/61ebf08d8940553afff20d1fb1ba7294b6f8d279df9fd0c0db911b4bbcfd/MarkupSafe-3.0.2-cp310-cp310-musllinux_1_2_x86_64.whl", hash = "sha256:b424c77b206d63d500bcb69fa55ed8d0e6a3774056bdc4839fc9298a7edca171", size = 21091, upload_time = "2024-10-18T15:20:59.235Z" },
    { url = "https://files.pythonhosted.org/packages/11/23/ffbf53694e8c94ebd1e7e491de185124277964344733c45481f32ede2499/MarkupSafe-3.0.2-cp310-cp310-win32.whl", hash = "sha256:fcabf5ff6eea076f859677f5f0b6b5c1a51e70a376b0579e0eadef8db48c6b50", size = 15065, upload_time = "2024-10-18T15:21:00.307Z" },
    { url = "https://files.pythonhosted.org/packages/44/06/e7175d06dd6e9172d4a69a72592cb3f7a996a9c396eee29082826449bbc3/MarkupSafe-3.0.2-cp310-cp310-win_amd64.whl", hash = "sha256:6af100e168aa82a50e186c82875a5893c5597a0c1ccdb0d8b40240b1f28b969a", size = 15514, upload_time = "2024-10-18T15:21:01.122Z" },
    { url = "https://files.pythonhosted.org/packages/6b/28/bbf83e3f76936960b850435576dd5e67034e200469571be53f69174a2dfd/MarkupSafe-3.0.2-cp311-cp311-macosx_10_9_universal2.whl", hash = "sha256:9025b4018f3a1314059769c7bf15441064b2207cb3f065e6ea1e7359cb46db9d", size = 14353, upload_time = "2024-10-18T15:21:02.187Z" },
    { url = "https://files.pythonhosted.org/packages/6c/30/316d194b093cde57d448a4c3209f22e3046c5bb2fb0820b118292b334be7/MarkupSafe-3.0.2-cp311-cp311-macosx_11_0_arm64.whl", hash = "sha256:93335ca3812df2f366e80509ae119189886b0f3c2b81325d39efdb84a1e2ae93", size = 12392, upload_time = "2024-10-18T15:21:02.941Z" },
    { url = "https://files.pythonhosted.org/packages/f2/96/9cdafba8445d3a53cae530aaf83c38ec64c4d5427d975c974084af5bc5d2/MarkupSafe-3.0.2-cp311-cp311-manylinux_2_17_aarch64.manylinux2014_aarch64.whl", hash = "sha256:2cb8438c3cbb25e220c2ab33bb226559e7afb3baec11c4f218ffa7308603c832", size = 23984, upload_time = "2024-10-18T15:21:03.953Z" },
    { url = "https://files.pythonhosted.org/packages/f1/a4/aefb044a2cd8d7334c8a47d3fb2c9f328ac48cb349468cc31c20b539305f/MarkupSafe-3.0.2-cp311-cp311-manylinux_2_17_x86_64.manylinux2014_x86_64.whl", hash = "sha256:a123e330ef0853c6e822384873bef7507557d8e4a082961e1defa947aa59ba84", size = 23120, upload_time = "2024-10-18T15:21:06.495Z" },
    { url = "https://files.pythonhosted.org/packages/8d/21/5e4851379f88f3fad1de30361db501300d4f07bcad047d3cb0449fc51f8c/MarkupSafe-3.0.2-cp311-cp311-manylinux_2_5_i686.manylinux1_i686.manylinux_2_17_i686.manylinux2014_i686.whl", hash = "sha256:1e084f686b92e5b83186b07e8a17fc09e38fff551f3602b249881fec658d3eca", size = 23032, upload_time = "2024-10-18T15:21:07.295Z" },
    { url = "https://files.pythonhosted.org/packages/00/7b/e92c64e079b2d0d7ddf69899c98842f3f9a60a1ae72657c89ce2655c999d/MarkupSafe-3.0.2-cp311-cp311-musllinux_1_2_aarch64.whl", hash = "sha256:d8213e09c917a951de9d09ecee036d5c7d36cb6cb7dbaece4c71a60d79fb9798", size = 24057, upload_time = "2024-10-18T15:21:08.073Z" },
    { url = "https://files.pythonhosted.org/packages/f9/ac/46f960ca323037caa0a10662ef97d0a4728e890334fc156b9f9e52bcc4ca/MarkupSafe-3.0.2-cp311-cp311-musllinux_1_2_i686.whl", hash = "sha256:5b02fb34468b6aaa40dfc198d813a641e3a63b98c2b05a16b9f80b7ec314185e", size = 23359, upload_time = "2024-10-18T15:21:09.318Z" },
    { url = "https://files.pythonhosted.org/packages/69/84/83439e16197337b8b14b6a5b9c2105fff81d42c2a7c5b58ac7b62ee2c3b1/MarkupSafe-3.0.2-cp311-cp311-musllinux_1_2_x86_64.whl", hash = "sha256:0bff5e0ae4ef2e1ae4fdf2dfd5b76c75e5c2fa4132d05fc1b0dabcd20c7e28c4", size = 23306, upload_time = "2024-10-18T15:21:10.185Z" },
    { url = "https://files.pythonhosted.org/packages/9a/34/a15aa69f01e2181ed8d2b685c0d2f6655d5cca2c4db0ddea775e631918cd/MarkupSafe-3.0.2-cp311-cp311-win32.whl", hash = "sha256:6c89876f41da747c8d3677a2b540fb32ef5715f97b66eeb0c6b66f5e3ef6f59d", size = 15094, upload_time = "2024-10-18T15:21:11.005Z" },
    { url = "https://files.pythonhosted.org/packages/da/b8/3a3bd761922d416f3dc5d00bfbed11f66b1ab89a0c2b6e887240a30b0f6b/MarkupSafe-3.0.2-cp311-cp311-win_amd64.whl", hash = "sha256:70a87b411535ccad5ef2f1df5136506a10775d267e197e4cf531ced10537bd6b", size = 15521, upload_time = "2024-10-18T15:21:12.911Z" },
    { url = "https://files.pythonhosted.org/packages/22/09/d1f21434c97fc42f09d290cbb6350d44eb12f09cc62c9476effdb33a18aa/MarkupSafe-3.0.2-cp312-cp312-macosx_10_13_universal2.whl", hash = "sha256:9778bd8ab0a994ebf6f84c2b949e65736d5575320a17ae8984a77fab08db94cf", size = 14274, upload_time = "2024-10-18T15:21:13.777Z" },
    { url = "https://files.pythonhosted.org/packages/6b/b0/18f76bba336fa5aecf79d45dcd6c806c280ec44538b3c13671d49099fdd0/MarkupSafe-3.0.2-cp312-cp312-macosx_11_0_arm64.whl", hash = "sha256:846ade7b71e3536c4e56b386c2a47adf5741d2d8b94ec9dc3e92e5e1ee1e2225", size = 12348, upload_time = "2024-10-18T15:21:14.822Z" },
    { url = "https://files.pythonhosted.org/packages/e0/25/dd5c0f6ac1311e9b40f4af06c78efde0f3b5cbf02502f8ef9501294c425b/MarkupSafe-3.0.2-cp312-cp312-manylinux_2_17_aarch64.manylinux2014_aarch64.whl", hash = "sha256:1c99d261bd2d5f6b59325c92c73df481e05e57f19837bdca8413b9eac4bd8028", size = 24149, upload_time = "2024-10-18T15:21:15.642Z" },
    { url = "https://files.pythonhosted.org/packages/f3/f0/89e7aadfb3749d0f52234a0c8c7867877876e0a20b60e2188e9850794c17/MarkupSafe-3.0.2-cp312-cp312-manylinux_2_17_x86_64.manylinux2014_x86_64.whl", hash = "sha256:e17c96c14e19278594aa4841ec148115f9c7615a47382ecb6b82bd8fea3ab0c8", size = 23118, upload_time = "2024-10-18T15:21:17.133Z" },
    { url = "https://files.pythonhosted.org/packages/d5/da/f2eeb64c723f5e3777bc081da884b414671982008c47dcc1873d81f625b6/MarkupSafe-3.0.2-cp312-cp312-manylinux_2_5_i686.manylinux1_i686.manylinux_2_17_i686.manylinux2014_i686.whl", hash = "sha256:88416bd1e65dcea10bc7569faacb2c20ce071dd1f87539ca2ab364bf6231393c", size = 22993, upload_time = "2024-10-18T15:21:18.064Z" },
    { url = "https://files.pythonhosted.org/packages/da/0e/1f32af846df486dce7c227fe0f2398dc7e2e51d4a370508281f3c1c5cddc/MarkupSafe-3.0.2-cp312-cp312-musllinux_1_2_aarch64.whl", hash = "sha256:2181e67807fc2fa785d0592dc2d6206c019b9502410671cc905d132a92866557", size = 24178, upload_time = "2024-10-18T15:21:18.859Z" },
    { url = "https://files.pythonhosted.org/packages/c4/f6/bb3ca0532de8086cbff5f06d137064c8410d10779c4c127e0e47d17c0b71/MarkupSafe-3.0.2-cp312-cp312-musllinux_1_2_i686.whl", hash = "sha256:52305740fe773d09cffb16f8ed0427942901f00adedac82ec8b67752f58a1b22", size = 23319, upload_time = "2024-10-18T15:21:19.671Z" },
    { url = "https://files.pythonhosted.org/packages/a2/82/8be4c96ffee03c5b4a034e60a31294daf481e12c7c43ab8e34a1453ee48b/MarkupSafe-3.0.2-cp312-cp312-musllinux_1_2_x86_64.whl", hash = "sha256:ad10d3ded218f1039f11a75f8091880239651b52e9bb592ca27de44eed242a48", size = 23352, upload_time = "2024-10-18T15:21:20.971Z" },
    { url = "https://files.pythonhosted.org/packages/51/ae/97827349d3fcffee7e184bdf7f41cd6b88d9919c80f0263ba7acd1bbcb18/MarkupSafe-3.0.2-cp312-cp312-win32.whl", hash = "sha256:0f4ca02bea9a23221c0182836703cbf8930c5e9454bacce27e767509fa286a30", size = 15097, upload_time = "2024-10-18T15:21:22.646Z" },
    { url = "https://files.pythonhosted.org/packages/c1/80/a61f99dc3a936413c3ee4e1eecac96c0da5ed07ad56fd975f1a9da5bc630/MarkupSafe-3.0.2-cp312-cp312-win_amd64.whl", hash = "sha256:8e06879fc22a25ca47312fbe7c8264eb0b662f6db27cb2d3bbbc74b1df4b9b87", size = 15601, upload_time = "2024-10-18T15:21:23.499Z" },
]

[[package]]
name = "nodejs-wheel-binaries"
version = "22.19.0"
source = { registry = "https://pypi.org/simple" }
sdist = { url = "https://files.pythonhosted.org/packages/bd/ca/6033f80b7aebc23cb31ed8b09608b6308c5273c3522aedd043e8a0644d83/nodejs_wheel_binaries-22.19.0.tar.gz", hash = "sha256:e69b97ef443d36a72602f7ed356c6a36323873230f894799f4270a853932fdb3", size = 8060, upload_time = "2025-09-12T10:33:46.935Z" }
wheels = [
    { url = "https://files.pythonhosted.org/packages/93/a2/0d055fd1d8c9a7a971c4db10cf42f3bba57c964beb6cf383ca053f2cdd20/nodejs_wheel_binaries-22.19.0-py2.py3-none-macosx_11_0_arm64.whl", hash = "sha256:43eca1526455a1fb4cb777095198f7ebe5111a4444749c87f5c2b84645aaa72a", size = 50902454, upload_time = "2025-09-12T10:33:18.3Z" },
    { url = "https://files.pythonhosted.org/packages/b5/f5/446f7b3c5be1d2f5145ffa3c9aac3496e06cdf0f436adeb21a1f95dd79a7/nodejs_wheel_binaries-22.19.0-py2.py3-none-macosx_11_0_x86_64.whl", hash = "sha256:feb06709e1320790d34babdf71d841ec7f28e4c73217d733e7f5023060a86bfc", size = 51837860, upload_time = "2025-09-12T10:33:21.599Z" },
    { url = "https://files.pythonhosted.org/packages/1e/4e/d0a036f04fd0f5dc3ae505430657044b8d9853c33be6b2d122bb171aaca3/nodejs_wheel_binaries-22.19.0-py2.py3-none-manylinux_2_17_aarch64.manylinux2014_aarch64.whl", hash = "sha256:db9f5777292491430457c99228d3a267decf12a09d31246f0692391e3513285e", size = 57841528, upload_time = "2025-09-12T10:33:25.433Z" },
    { url = "https://files.pythonhosted.org/packages/e2/11/4811d27819f229cc129925c170db20c12d4f01ad366a0066f06d6eb833cf/nodejs_wheel_binaries-22.19.0-py2.py3-none-manylinux_2_17_x86_64.manylinux2014_x86_64.whl", hash = "sha256:1392896f1a05a88a8a89b26e182d90fdf3020b4598a047807b91b65731e24c00", size = 58368815, upload_time = "2025-09-12T10:33:29.083Z" },
    { url = "https://files.pythonhosted.org/packages/6e/94/df41416856b980e38a7ff280cfb59f142a77955ccdbec7cc4260d8ab2e78/nodejs_wheel_binaries-22.19.0-py2.py3-none-musllinux_1_2_aarch64.whl", hash = "sha256:9164c876644f949cad665e3ada00f75023e18f381e78a1d7b60ccbbfb4086e73", size = 59690937, upload_time = "2025-09-12T10:33:32.771Z" },
    { url = "https://files.pythonhosted.org/packages/d1/39/8d0d5f84b7616bdc4eca725f5d64a1cfcac3d90cf3f30cae17d12f8e987f/nodejs_wheel_binaries-22.19.0-py2.py3-none-musllinux_1_2_x86_64.whl", hash = "sha256:6b4b75166134010bc9cfebd30dc57047796a27049fef3fc22316216d76bc0af7", size = 60751996, upload_time = "2025-09-12T10:33:36.962Z" },
    { url = "https://files.pythonhosted.org/packages/41/93/2d66b5b60055dd1de6e37e35bef563c15e4cafa5cfe3a6990e0ab358e515/nodejs_wheel_binaries-22.19.0-py2.py3-none-win_amd64.whl", hash = "sha256:3f271f5abfc71b052a6b074225eca8c1223a0f7216863439b86feaca814f6e5a", size = 40026140, upload_time = "2025-09-12T10:33:40.33Z" },
    { url = "https://files.pythonhosted.org/packages/a3/46/c9cf7ff7e3c71f07ca8331c939afd09b6e59fc85a2944ea9411e8b29ce50/nodejs_wheel_binaries-22.19.0-py2.py3-none-win_arm64.whl", hash = "sha256:666a355fe0c9bde44a9221cd543599b029045643c8196b8eedb44f28dc192e06", size = 38804500, upload_time = "2025-09-12T10:33:43.302Z" },
]

[[package]]
name = "pdoc"
version = "15.0.4"
source = { registry = "https://pypi.org/simple" }
dependencies = [
    { name = "jinja2" },
    { name = "markupsafe" },
    { name = "pygments" },
]
sdist = { url = "https://files.pythonhosted.org/packages/91/5c/e94c1ab4aa2f8a9cc29d81e1c513c6216946cb3a90957ef7115b12e9363d/pdoc-15.0.4.tar.gz", hash = "sha256:cf9680f10f5b4863381f44ef084b1903f8f356acb0d4cc6b64576ba9fb712c82", size = 155678, upload_time = "2025-06-04T17:05:49.639Z" }
wheels = [
    { url = "https://files.pythonhosted.org/packages/fd/2c/87250ac73ca8730b2c4e0185b573585f0b42e09562132e6c29d00b3a9bb9/pdoc-15.0.4-py3-none-any.whl", hash = "sha256:f9028e85e7bb8475b054e69bde1f6d26fc4693d25d9fa1b1ce9009bec7f7a5c4", size = 145978, upload_time = "2025-06-04T17:05:48.473Z" },
]

[[package]]
name = "protobuf"
version = "6.32.1"
source = { registry = "https://pypi.org/simple" }
sdist = { url = "https://files.pythonhosted.org/packages/fa/a4/cc17347aa2897568beece2e674674359f911d6fe21b0b8d6268cd42727ac/protobuf-6.32.1.tar.gz", hash = "sha256:ee2469e4a021474ab9baafea6cd070e5bf27c7d29433504ddea1a4ee5850f68d", size = 440635, upload_time = "2025-09-11T21:38:42.935Z" }
wheels = [
    { url = "https://files.pythonhosted.org/packages/c0/98/645183ea03ab3995d29086b8bf4f7562ebd3d10c9a4b14ee3f20d47cfe50/protobuf-6.32.1-cp310-abi3-win32.whl", hash = "sha256:a8a32a84bc9f2aad712041b8b366190f71dde248926da517bde9e832e4412085", size = 424411, upload_time = "2025-09-11T21:38:27.427Z" },
    { url = "https://files.pythonhosted.org/packages/8c/f3/6f58f841f6ebafe076cebeae33fc336e900619d34b1c93e4b5c97a81fdfa/protobuf-6.32.1-cp310-abi3-win_amd64.whl", hash = "sha256:b00a7d8c25fa471f16bc8153d0e53d6c9e827f0953f3c09aaa4331c718cae5e1", size = 435738, upload_time = "2025-09-11T21:38:30.959Z" },
    { url = "https://files.pythonhosted.org/packages/10/56/a8a3f4e7190837139e68c7002ec749190a163af3e330f65d90309145a210/protobuf-6.32.1-cp39-abi3-macosx_10_9_universal2.whl", hash = "sha256:d8c7e6eb619ffdf105ee4ab76af5a68b60a9d0f66da3ea12d1640e6d8dab7281", size = 426454, upload_time = "2025-09-11T21:38:34.076Z" },
    { url = "https://files.pythonhosted.org/packages/3f/be/8dd0a927c559b37d7a6c8ab79034fd167dcc1f851595f2e641ad62be8643/protobuf-6.32.1-cp39-abi3-manylinux2014_aarch64.whl", hash = "sha256:2f5b80a49e1eb7b86d85fcd23fe92df154b9730a725c3b38c4e43b9d77018bf4", size = 322874, upload_time = "2025-09-11T21:38:35.509Z" },
    { url = "https://files.pythonhosted.org/packages/5c/f6/88d77011b605ef979aace37b7703e4eefad066f7e84d935e5a696515c2dd/protobuf-6.32.1-cp39-abi3-manylinux2014_x86_64.whl", hash = "sha256:b1864818300c297265c83a4982fd3169f97122c299f56a56e2445c3698d34710", size = 322013, upload_time = "2025-09-11T21:38:37.017Z" },
    { url = "https://files.pythonhosted.org/packages/97/b7/15cc7d93443d6c6a84626ae3258a91f4c6ac8c0edd5df35ea7658f71b79c/protobuf-6.32.1-py3-none-any.whl", hash = "sha256:2601b779fc7d32a866c6b4404f9d42a3f67c5b9f3f15b4db3cccabe06b95c346", size = 169289, upload_time = "2025-09-11T21:38:41.234Z" },
]

[[package]]
name = "pygments"
version = "2.19.2"
source = { registry = "https://pypi.org/simple" }
sdist = { url = "https://files.pythonhosted.org/packages/b0/77/a5b8c569bf593b0140bde72ea885a803b82086995367bf2037de0159d924/pygments-2.19.2.tar.gz", hash = "sha256:636cb2477cec7f8952536970bc533bc43743542f70392ae026374600add5b887", size = 4968631, upload_time = "2025-06-21T13:39:12.283Z" }
wheels = [
    { url = "https://files.pythonhosted.org/packages/c7/21/705964c7812476f378728bdf590ca4b771ec72385c533964653c68e86bdc/pygments-2.19.2-py3-none-any.whl", hash = "sha256:86540386c03d588bb81d44bc3928634ff26449851e99741617ecb9037ee5ec0b", size = 1225217, upload_time = "2025-06-21T13:39:07.939Z" },
]

[[package]]
name = "ruff"
version = "0.13.1"
source = { registry = "https://pypi.org/simple" }
sdist = { url = "https://files.pythonhosted.org/packages/ab/33/c8e89216845615d14d2d42ba2bee404e7206a8db782f33400754f3799f05/ruff-0.13.1.tar.gz", hash = "sha256:88074c3849087f153d4bb22e92243ad4c1b366d7055f98726bc19aa08dc12d51", size = 5397987, upload_time = "2025-09-18T19:52:44.33Z" }
wheels = [
    { url = "https://files.pythonhosted.org/packages/f3/41/ca37e340938f45cfb8557a97a5c347e718ef34702546b174e5300dbb1f28/ruff-0.13.1-py3-none-linux_armv6l.whl", hash = "sha256:b2abff595cc3cbfa55e509d89439b5a09a6ee3c252d92020bd2de240836cf45b", size = 12304308, upload_time = "2025-09-18T19:51:56.253Z" },
    { url = "https://files.pythonhosted.org/packages/ff/84/ba378ef4129415066c3e1c80d84e539a0d52feb250685091f874804f28af/ruff-0.13.1-py3-none-macosx_10_12_x86_64.whl", hash = "sha256:4ee9f4249bf7f8bb3984c41bfaf6a658162cdb1b22e3103eabc7dd1dc5579334", size = 12937258, upload_time = "2025-09-18T19:52:00.184Z" },
    { url = "https://files.pythonhosted.org/packages/8d/b6/ec5e4559ae0ad955515c176910d6d7c93edcbc0ed1a3195a41179c58431d/ruff-0.13.1-py3-none-macosx_11_0_arm64.whl", hash = "sha256:5c5da4af5f6418c07d75e6f3224e08147441f5d1eac2e6ce10dcce5e616a3bae", size = 12214554, upload_time = "2025-09-18T19:52:02.753Z" },
    { url = "https://files.pythonhosted.org/packages/70/d6/cb3e3b4f03b9b0c4d4d8f06126d34b3394f6b4d764912fe80a1300696ef6/ruff-0.13.1-py3-none-manylinux_2_17_aarch64.manylinux2014_aarch64.whl", hash = "sha256:80524f84a01355a59a93cef98d804e2137639823bcee2931f5028e71134a954e", size = 12448181, upload_time = "2025-09-18T19:52:05.279Z" },
    { url = "https://files.pythonhosted.org/packages/d2/ea/bf60cb46d7ade706a246cd3fb99e4cfe854efa3dfbe530d049c684da24ff/ruff-0.13.1-py3-none-manylinux_2_17_armv7l.manylinux2014_armv7l.whl", hash = "sha256:ff7f5ce8d7988767dd46a148192a14d0f48d1baea733f055d9064875c7d50389", size = 12104599, upload_time = "2025-09-18T19:52:07.497Z" },
    { url = "https://files.pythonhosted.org/packages/2d/3e/05f72f4c3d3a69e65d55a13e1dd1ade76c106d8546e7e54501d31f1dc54a/ruff-0.13.1-py3-none-manylinux_2_17_i686.manylinux2014_i686.whl", hash = "sha256:c55d84715061f8b05469cdc9a446aa6c7294cd4bd55e86a89e572dba14374f8c", size = 13791178, upload_time = "2025-09-18T19:52:10.189Z" },
    { url = "https://files.pythonhosted.org/packages/81/e7/01b1fc403dd45d6cfe600725270ecc6a8f8a48a55bc6521ad820ed3ceaf8/ruff-0.13.1-py3-none-manylinux_2_17_ppc64.manylinux2014_ppc64.whl", hash = "sha256:ac57fed932d90fa1624c946dc67a0a3388d65a7edc7d2d8e4ca7bddaa789b3b0", size = 14814474, upload_time = "2025-09-18T19:52:12.866Z" },
    { url = "https://files.pythonhosted.org/packages/fa/92/d9e183d4ed6185a8df2ce9faa3f22e80e95b5f88d9cc3d86a6d94331da3f/ruff-0.13.1-py3-none-manylinux_2_17_ppc64le.manylinux2014_ppc64le.whl", hash = "sha256:c366a71d5b4f41f86a008694f7a0d75fe409ec298685ff72dc882f882d532e36", size = 14217531, upload_time = "2025-09-18T19:52:15.245Z" },
    { url = "https://files.pythonhosted.org/packages/3b/4a/6ddb1b11d60888be224d721e01bdd2d81faaf1720592858ab8bac3600466/ruff-0.13.1-py3-none-manylinux_2_17_s390x.manylinux2014_s390x.whl", hash = "sha256:f4ea9d1b5ad3e7a83ee8ebb1229c33e5fe771e833d6d3dcfca7b77d95b060d38", size = 13265267, upload_time = "2025-09-18T19:52:17.649Z" },
    { url = "https://files.pythonhosted.org/packages/81/98/3f1d18a8d9ea33ef2ad508f0417fcb182c99b23258ec5e53d15db8289809/ruff-0.13.1-py3-none-manylinux_2_17_x86_64.manylinux2014_x86_64.whl", hash = "sha256:b0f70202996055b555d3d74b626406476cc692f37b13bac8828acff058c9966a", size = 13243120, upload_time = "2025-09-18T19:52:20.332Z" },
    { url = "https://files.pythonhosted.org/packages/8d/86/b6ce62ce9c12765fa6c65078d1938d2490b2b1d9273d0de384952b43c490/ruff-0.13.1-py3-none-manylinux_2_31_riscv64.whl", hash = "sha256:f8cff7a105dad631085d9505b491db33848007d6b487c3c1979dd8d9b2963783", size = 13443084, upload_time = "2025-09-18T19:52:23.032Z" },
    { url = "https://files.pythonhosted.org/packages/a1/6e/af7943466a41338d04503fb5a81b2fd07251bd272f546622e5b1599a7976/ruff-0.13.1-py3-none-musllinux_1_2_aarch64.whl", hash = "sha256:9761e84255443316a258dd7dfbd9bfb59c756e52237ed42494917b2577697c6a", size = 12295105, upload_time = "2025-09-18T19:52:25.263Z" },
    { url = "https://files.pythonhosted.org/packages/3f/97/0249b9a24f0f3ebd12f007e81c87cec6d311de566885e9309fcbac5b24cc/ruff-0.13.1-py3-none-musllinux_1_2_armv7l.whl", hash = "sha256:3d376a88c3102ef228b102211ef4a6d13df330cb0f5ca56fdac04ccec2a99700", size = 12072284, upload_time = "2025-09-18T19:52:27.478Z" },
    { url = "https://files.pythonhosted.org/packages/f6/85/0b64693b2c99d62ae65236ef74508ba39c3febd01466ef7f354885e5050c/ruff-0.13.1-py3-none-musllinux_1_2_i686.whl", hash = "sha256:cbefd60082b517a82c6ec8836989775ac05f8991715d228b3c1d86ccc7df7dae", size = 12970314, upload_time = "2025-09-18T19:52:30.212Z" },
    { url = "https://files.pythonhosted.org/packages/96/fc/342e9f28179915d28b3747b7654f932ca472afbf7090fc0c4011e802f494/ruff-0.13.1-py3-none-musllinux_1_2_x86_64.whl", hash = "sha256:dd16b9a5a499fe73f3c2ef09a7885cb1d97058614d601809d37c422ed1525317", size = 13422360, upload_time = "2025-09-18T19:52:32.676Z" },
    { url = "https://files.pythonhosted.org/packages/37/54/6177a0dc10bce6f43e392a2192e6018755473283d0cf43cc7e6afc182aea/ruff-0.13.1-py3-none-win32.whl", hash = "sha256:55e9efa692d7cb18580279f1fbb525146adc401f40735edf0aaeabd93099f9a0", size = 12178448, upload_time = "2025-09-18T19:52:35.545Z" },
    { url = "https://files.pythonhosted.org/packages/64/51/c6a3a33d9938007b8bdc8ca852ecc8d810a407fb513ab08e34af12dc7c24/ruff-0.13.1-py3-none-win_amd64.whl", hash = "sha256:3a3fb595287ee556de947183489f636b9f76a72f0fa9c028bdcabf5bab2cc5e5", size = 13286458, upload_time = "2025-09-18T19:52:38.198Z" },
    { url = "https://files.pythonhosted.org/packages/fd/04/afc078a12cf68592345b1e2d6ecdff837d286bac023d7a22c54c7a698c5b/ruff-0.13.1-py3-none-win_arm64.whl", hash = "sha256:c0bae9ffd92d54e03c2bf266f466da0a65e145f298ee5b5846ed435f6a00518a", size = 12437893, upload_time = "2025-09-18T19:52:41.283Z" },
]

[[package]]
name = "tink"
version = "1.12.0"
source = { registry = "https://pypi.org/simple" }
dependencies = [
    { name = "absl-py" },
    { name = "bazel-runfiles" },
    { name = "protobuf" },
]
sdist = { url = "https://files.pythonhosted.org/packages/1c/1a/eb380635996a2a7aa47fc2da274872a6a430c59befdd8d2a8773538646db/tink-1.12.0.tar.gz", hash = "sha256:03b590e562eb2f2367b14ad15d6096385937b0dd87fe694fb864482726b11dbe", size = 216982, upload_time = "2025-06-03T10:57:48.708Z" }
wheels = [
    { url = "https://files.pythonhosted.org/packages/c1/b8/bc0ecb88e7f25c490a53bba7bd62425cc28745fc72b417db04498f1c64e1/tink-1.12.0-cp310-cp310-macosx_11_0_universal2.whl", hash = "sha256:99463411a1456bc6c556a7416de55616e5c315ad306ed7b6e9ca848ed9ec3684", size = 6521976, upload_time = "2025-06-03T10:56:58.634Z" },
    { url = "https://files.pythonhosted.org/packages/e4/bc/c7c7b05d3490f0a4d4208270d9ef9255d1c38e181b6deb7f2f4d1b7b8831/tink-1.12.0-cp310-cp310-manylinux_2_17_aarch64.manylinux2014_aarch64.whl", hash = "sha256:d1d00ffd746cf79b214700c870c0bd996b4a1d38411ae8a1695e4c0a2b69692a", size = 4006917, upload_time = "2025-06-03T10:57:01.49Z" },
    { url = "https://files.pythonhosted.org/packages/c0/4e/e32f3ed1a2b149530424eb674e07e7014dc3b9fbf13a5d2c81fa3f7c4762/tink-1.12.0-cp310-cp310-manylinux_2_17_x86_64.manylinux2014_x86_64.whl", hash = "sha256:960079d88b4dca6d91b96fee7480c530cd79f72539eb5b68ce92d1574551e547", size = 4076544, upload_time = "2025-06-03T10:57:04.404Z" },
    { url = "https://files.pythonhosted.org/packages/16/b9/33d4f9dd92a4ebc66f78038364b5da98ad92da59a71b26ad942be3bc7c7c/tink-1.12.0-cp310-cp310-win_amd64.whl", hash = "sha256:12f5487e9d9b31562aae9ad17888bb85fd8616a5393e01f11530f7519c885984", size = 2078229, upload_time = "2025-06-03T10:57:07.615Z" },
    { url = "https://files.pythonhosted.org/packages/f0/6c/320ed2af950494ead43246ab68147233c89c0359e2c95eeb0623b54a3a90/tink-1.12.0-cp311-cp311-macosx_11_0_universal2.whl", hash = "sha256:45c148d24aebd841536021bc93272df177085ead3414980053d2e867e9e50524", size = 6523387, upload_time = "2025-06-03T10:57:11.096Z" },
    { url = "https://files.pythonhosted.org/packages/45/ee/0f92ab3a0d9a16aee9b440e2808dc444b8efea61d3f68e9c10b54e6b52c4/tink-1.12.0-cp311-cp311-manylinux_2_17_aarch64.manylinux2014_aarch64.whl", hash = "sha256:77e3f210ed4e466a40620a3f1d81ccee751ef4fb9b0776a5ae7684f536d77d23", size = 4007176, upload_time = "2025-06-03T10:57:13.993Z" },
    { url = "https://files.pythonhosted.org/packages/ce/59/4909ec693e92e4bdeaff0559c687cc18b3431772d8c635bfdd6ebe4ca2d5/tink-1.12.0-cp311-cp311-manylinux_2_17_x86_64.manylinux2014_x86_64.whl", hash = "sha256:5297535c607cfca9e8235557f007a2498640b4991fcaea009547dab7009ffc4d", size = 4078215, upload_time = "2025-06-03T10:57:17.481Z" },
    { url = "https://files.pythonhosted.org/packages/05/4d/26539f8182814f8f07e41747176b654e308a5318b54a90648e3ef7c1e527/tink-1.12.0-cp311-cp311-win_amd64.whl", hash = "sha256:7660b2c6bd033999ae6cfe03b89f99f03b2ed8c022fc481010b4326d87767b00", size = 2078787, upload_time = "2025-06-03T10:57:20.206Z" },
    { url = "https://files.pythonhosted.org/packages/82/f5/6e20ade036eebbfe075a72184513c8303de176fe093cf232a0895e9f9e33/tink-1.12.0-cp312-cp312-macosx_11_0_universal2.whl", hash = "sha256:d5a49c0cc0d98e245a4593045b3806d9097edebc40b3be31976b2d5bfe3013ef", size = 6524097, upload_time = "2025-06-03T10:57:22.997Z" },
    { url = "https://files.pythonhosted.org/packages/82/d4/a7995e7244f1c50ffb00f4b51256ed8b08886fe7356cbc5f1725a2f47b3e/tink-1.12.0-cp312-cp312-manylinux_2_17_aarch64.manylinux2014_aarch64.whl", hash = "sha256:731a932fd7b4da59206bf030ca5ba907b9a7cb4c2c43253932170a41b96afe04", size = 4004402, upload_time = "2025-06-03T10:57:25.355Z" },
    { url = "https://files.pythonhosted.org/packages/f7/b5/c893d7be111e82f5f40b513b266c5bb24ec764fde8b0d475feaa2e2d3105/tink-1.12.0-cp312-cp312-manylinux_2_17_x86_64.manylinux2014_x86_64.whl", hash = "sha256:6e44f3cc99e08b19c560739b8c8eece03ef085602554d95fa680fc2f7677d42e", size = 4075253, upload_time = "2025-06-03T10:57:27.501Z" },
    { url = "https://files.pythonhosted.org/packages/3a/f9/417f91da1cee44573604dfadcb104205f2283ff27ad5883e8e08b20a2267/tink-1.12.0-cp312-cp312-win_amd64.whl", hash = "sha256:15b15b97a2f8712d56f720e9d997c6a109e2877565081cb7b9b1ea776e2fc44f", size = 2078644, upload_time = "2025-06-03T10:57:29.904Z" },
]
